Microsoft Visual Studio Solution File, Format Version 12.00
# Visual Studio Version 17
VisualStudioVersion = 17.5.2.0
MinimumVisualStudioVersion = 10.0.40219.1
Project("{FAE04EC0-301F-11D3-BF4B-00C04F79EFBC}") = "GANBlazor.UI", "GANBlazor.UI.csproj", "{F813F4CA-563E-4625-9048-7CFF4EA7EBED}"
EndProject
Global
	GlobalSection(SolutionConfigurationPlatforms) = preSolution
		Debug|Any CPU = Debug|Any CPU
		Release|Any CPU = Release|Any CPU
	EndGlobalSection
	GlobalSection(ProjectConfigurationPlatforms) = postSolution
		{F813F4CA-563E-4625-9048-7CFF4EA7EBED}.Debug|Any CPU.ActiveCfg = Debug|Any CPU
		{F813F4CA-563E-4625-9048-7CFF4EA7EBED}.Debug|Any CPU.Build.0 = Debug|Any CPU
		{F813F4CA-563E-4625-9048-7CFF4EA7EBED}.Release|Any CPU.ActiveCfg = Release|Any CPU
		{F813F4CA-563E-4625-9048-7CFF4EA7EBED}.Release|Any CPU.Build.0 = Release|Any CPU
	EndGlobalSection
	GlobalSection(SolutionProperties) = preSolution
		HideSolutionNode = FALSE
	EndGlobalSection
	GlobalSection(ExtensibilityGlobals) = postSolution
		SolutionGuid = {764BDF10-01CB-443E-B95D-E955A8E9278C}
	EndGlobalSection
EndGlobal
